
Microsoft Visual Studio Solution File, Format Version 12.00
# Visual Studio Version 16
VisualStudioVersion = 16.0.31410.357
MinimumVisualStudioVersion = 10.0.40219.1
Project("{2150E333-8FDC-42A3-9474-1A3956D46DE8}") = "Api", "Api", "{64783BCE-E978-4728-8545-7F7E6F4CF6F0}"
EndProject
Project("{FAE04EC0-301F-11D3-BF4B-00C04F79EFBC}") = "CleanArchitectureDemoProject.Api", "CleanArchitectureDemoProject.Api\CleanArchitectureDemoProject.Api.csproj", "{9F41BF58-E6AB-4A05-8EF8-99E85EEE61E5}"
EndProject
Project("{2150E333-8FDC-42A3-9474-1A3956D46DE8}") = "Core", "Core", "{076EEA43-2AA8-4BED-ADF1-95808DC63E54}"
EndProject
Project("{FAE04EC0-301F-11D3-BF4B-00C04F79EFBC}") = "CleanArchitectureDemoProject.Infrastructure", "CleanArchitectureDemoProject.Infrastructure\CleanArchitectureDemoProject.Infrastructure.csproj", "{D6D4BAAA-A974-48AE-9F02-753D6E7A9C15}"
EndProject
Project("{2150E333-8FDC-42A3-9474-1A3956D46DE8}") = "Domain", "Domain", "{D4C37F39-1CE3-42D7-8853-80C30BB21895}"
EndProject
Project("{FAE04EC0-301F-11D3-BF4B-00C04F79EFBC}") = "CleanArchitectureDemoProject.Domain", "CleanArchitectureDemoProject.Domain\CleanArchitectureDemoProject.Domain.csproj", "{FD09FD57-AE02-495C-B96B-952850640463}"
EndProject
Project("{FAE04EC0-301F-11D3-BF4B-00C04F79EFBC}") = "CleanArchitectureDemoProject.BoundedContext", "CleanArchitectureDemoProject.BoundedContext\CleanArchitectureDemoProject.BoundedContext.csproj", "{4745E7B9-44C1-4601-8D33-8A750E5DBB67}"
EndProject
Project("{FAE04EC0-301F-11D3-BF4B-00C04F79EFBC}") = "CleanArchitectureDemoProject.UnitOfWork", "CleanArchitectureDemoProject.UnitOfWork\CleanArchitectureDemoProject.UnitOfWork.csproj", "{7A069F4F-3E83-4760-88A0-691267196180}"
EndProject
Project("{2150E333-8FDC-42A3-9474-1A3956D46DE8}") = "Models", "Models", "{6B362BA1-97FB-47AF-9014-6F3CC09BD066}"
EndProject
Project("{FAE04EC0-301F-11D3-BF4B-00C04F79EFBC}") = "CleanArchitectureDemoProject.Models", "CleanArchitectureDemoProject.Models\CleanArchitectureDemoProject.Models.csproj", "{E897D865-5EA2-401E-9B19-FFBB8607CF92}"
EndProject
Global
	GlobalSection(SolutionConfigurationPlatforms) = preSolution
		Debug|Any CPU = Debug|Any CPU
		Release|Any CPU = Release|Any CPU
	EndGlobalSection
	GlobalSection(ProjectConfigurationPlatforms) = postSolution
		{9F41BF58-E6AB-4A05-8EF8-99E85EEE61E5}.Debug|Any CPU.ActiveCfg = Debug|Any CPU
		{9F41BF58-E6AB-4A05-8EF8-99E85EEE61E5}.Debug|Any CPU.Build.0 = Debug|Any CPU
		{9F41BF58-E6AB-4A05-8EF8-99E85EEE61E5}.Release|Any CPU.ActiveCfg = Release|Any CPU
		{9F41BF58-E6AB-4A05-8EF8-99E85EEE61E5}.Release|Any CPU.Build.0 = Release|Any CPU
		{D6D4BAAA-A974-48AE-9F02-753D6E7A9C15}.Debug|Any CPU.ActiveCfg = Debug|Any CPU
		{D6D4BAAA-A974-48AE-9F02-753D6E7A9C15}.Debug|Any CPU.Build.0 = Debug|Any CPU
		{D6D4BAAA-A974-48AE-9F02-753D6E7A9C15}.Release|Any CPU.ActiveCfg = Release|Any CPU
		{D6D4BAAA-A974-48AE-9F02-753D6E7A9C15}.Release|Any CPU.Build.0 = Release|Any CPU
		{FD09FD57-AE02-495C-B96B-952850640463}.Debug|Any CPU.ActiveCfg = Debug|Any CPU
		{FD09FD57-AE02-495C-B96B-952850640463}.Debug|Any CPU.Build.0 = Debug|Any CPU
		{FD09FD57-AE02-495C-B96B-952850640463}.Release|Any CPU.ActiveCfg = Release|Any CPU
		{FD09FD57-AE02-495C-B96B-952850640463}.Release|Any CPU.Build.0 = Release|Any CPU
		{4745E7B9-44C1-4601-8D33-8A750E5DBB67}.Debug|Any CPU.ActiveCfg = Debug|Any CPU
		{4745E7B9-44C1-4601-8D33-8A750E5DBB67}.Debug|Any CPU.Build.0 = Debug|Any CPU
		{4745E7B9-44C1-4601-8D33-8A750E5DBB67}.Release|Any CPU.ActiveCfg = Release|Any CPU
		{4745E7B9-44C1-4601-8D33-8A750E5DBB67}.Release|Any CPU.Build.0 = Release|Any CPU
		{7A069F4F-3E83-4760-88A0-691267196180}.Debug|Any CPU.ActiveCfg = Debug|Any CPU
		{7A069F4F-3E83-4760-88A0-691267196180}.Debug|Any CPU.Build.0 = Debug|Any CPU
		{7A069F4F-3E83-4760-88A0-691267196180}.Release|Any CPU.ActiveCfg = Release|Any CPU
		{7A069F4F-3E83-4760-88A0-691267196180}.Release|Any CPU.Build.0 = Release|Any CPU
		{E897D865-5EA2-401E-9B19-FFBB8607CF92}.Debug|Any CPU.ActiveCfg = Debug|Any CPU
		{E897D865-5EA2-401E-9B19-FFBB8607CF92}.Debug|Any CPU.Build.0 = Debug|Any CPU
		{E897D865-5EA2-401E-9B19-FFBB8607CF92}.Release|Any CPU.ActiveCfg = Release|Any CPU
		{E897D865-5EA2-401E-9B19-FFBB8607CF92}.Release|Any CPU.Build.0 = Release|Any CPU
	EndGlobalSection
	GlobalSection(SolutionProperties) = preSolution
		HideSolutionNode = FALSE
	EndGlobalSection
	GlobalSection(NestedProjects) = preSolution
		{9F41BF58-E6AB-4A05-8EF8-99E85EEE61E5} = {64783BCE-E978-4728-8545-7F7E6F4CF6F0}
		{D6D4BAAA-A974-48AE-9F02-753D6E7A9C15} = {076EEA43-2AA8-4BED-ADF1-95808DC63E54}
		{FD09FD57-AE02-495C-B96B-952850640463} = {D4C37F39-1CE3-42D7-8853-80C30BB21895}
		{4745E7B9-44C1-4601-8D33-8A750E5DBB67} = {D4C37F39-1CE3-42D7-8853-80C30BB21895}
		{7A069F4F-3E83-4760-88A0-691267196180} = {D4C37F39-1CE3-42D7-8853-80C30BB21895}
		{E897D865-5EA2-401E-9B19-FFBB8607CF92} = {6B362BA1-97FB-47AF-9014-6F3CC09BD066}
	EndGlobalSection
	GlobalSection(ExtensibilityGlobals) = postSolution
		SolutionGuid = {AC27952E-9438-4B63-88E3-FC7272B53970}
	EndGlobalSection
EndGlobal
